{
  "name": "Inventory-Management-System",
  "version": "1.0.0",
  "lockfileVersion": 1,
  "requires": true,
  "dependencies": {
    "bcrypt": {
      "version": "1.0.3",
      "resolved": "https://registry.npmjs.org/bcrypt/-/bcrypt-1.0.3.tgz",
      "integrity": "sha512-pRyDdo73C8Nim3jwFJ7DWe3TZCgwDfWZ6nHS5LSdU77kWbj1frruvdndP02AOavtD4y8v6Fp2dolbHgp4SDrfg=="
    },
    "body-parser": {
      "version": "1.18.1",
      "resolved": "https://registry.npmjs.org/body-parser/-/body-parser-1.18.1.tgz",
      "integrity": "sha512-KL2pZpGvy6xuZHgYUznB1Zfw4AoGMApfRanT5NafeLvglbaSM+4CCtmlyYOv66oYXqvKL1xpaFb94V/AZVUnYg==",
      "dependencies": {
        "qs": {
          "version": "6.5.1",
          "resolved": "https://registry.npmjs.org/qs/-/qs-6.5.1.tgz",
          "integrity": "sha512-eRzhrN1WSINYCDCbrz796z37LOe3m5tmW7RQf6oBntukAG1nmovJvhnwHHRMAfeoItc1m2Hk02WER2aQ/iqs+A=="
        }
      }
    },
    "buffer-equal-constant-time": {
      "version": "1.0.1",
      "resolved": "https://registry.npmjs.org/buffer-equal-constant-time/-/buffer-equal-constant-time-1.0.1.tgz",
      "integrity": "sha1-+OcRMvf/5uAaXJaXpMbz5I1cyBk="
    },
    "chart.js": {
      "version": "2.7.0",
      "resolved": "https://registry.npmjs.org/chart.js/-/chart.js-2.7.0.tgz",
      "integrity": "sha1-Mw277gxmGZ63FfYPv4ykApYJpSk=",
      "dev": true
    },
    "cookie": {
      "version": "0.3.1",
      "resolved": "https://registry.npmjs.org/cookie/-/cookie-0.3.1.tgz",
      "integrity": "sha1-5+Ch+e9DtMi6klxcWpboBtFoc7s="
    },
    "env2": {
      "version": "2.2.0",
      "resolved": "https://registry.npmjs.org/env2/-/env2-2.2.0.tgz",
      "integrity": "sha1-1GtC03Xi8lU/8O80wVPJBPplLfE="
    },
    "expect-cookies": {
      "version": "0.1.2",
      "resolved": "https://registry.npmjs.org/expect-cookies/-/expect-cookies-0.1.2.tgz",
      "integrity": "sha1-Gsc3T+RtiEfcnm4YEUZ3B72U+f4="
    },
    "express": {
      "version": "4.15.4",
      "resolved": "https://registry.npmjs.org/express/-/express-4.15.4.tgz",
      "integrity": "sha1-Ay4iU0ic+PzgJma+yj0R7XotrtE="
    },
    "express-fileupload": {
      "version": "0.2.0",
      "resolved": "https://registry.npmjs.org/express-fileupload/-/express-fileupload-0.2.0.tgz",
      "integrity": "sha512-wi5OfxPtVaLeCqB6SKiHEp0KH/bS0bkPDy/vXMsmN3GI8xvzcrXD0deTgAVRIVlT4kvoSMbFVC/vmnugPEs4rQ=="
    },
    "express-handlebars": {
      "version": "3.0.0",
      "resolved": "https://registry.npmjs.org/express-handlebars/-/express-handlebars-3.0.0.tgz",
      "integrity": "sha1-gKBwu4GbCeSvLKbQeA91zgXnXC8=",
      "dependencies": {
        "glob": {
          "version": "6.0.4",
          "resolved": "https://registry.npmjs.org/glob/-/glob-6.0.4.tgz",
          "integrity": "sha1-DwiGD2oVUSey+t1PnOJLGqtuTSI="
        }
      }
    },
    "helmet": {
      "version": "3.8.1",
      "resolved": "https://registry.npmjs.org/helmet/-/helmet-3.8.1.tgz",
      "integrity": "sha512-HzcpQ74kE1gNFvTd8fI/Nz2N0b0Aa/38dSiSVt/ijkwjc50tUp5siXTE9lTBibQ4JlRzp/35Qf+j2bZgHYwg1g=="
    },
    "jsonwebtoken": {
      "version": "9.0.0",
      "resolved": "https://registry.npmjs.org/jsonwebtoken/-/jsonwebtoken-9.0.0.tgz",
      "integrity": "sha512-tuGfYXxkQGDPnLJ7SibiQgVgeDgfbPq2k2ICcbgqW8WxWLBAxKQM/ZCu/IT8SOSwmaYl4dpTFCW5xZv7YbbWUw==",
      "requires": {
        "jws": "^3.2.2",
        "lodash": "^4.17.21",
        "ms": "^2.1.1",
        "semver": "^7.3.8"
      },
      "dependencies": {
        "ecdsa-sig-formatter": {
          "version": "1.0.11",
          "resolved": "https://registry.npmjs.org/ecdsa-sig-formatter/-/ecdsa-sig-formatter-1.0.11.tgz",
          "integrity": "sha512-nagl3RYrbNv6kQkeJIpt6NJZy8twLB/2vtz6yN9Z4vRKHN4/QZJIEbqohALSgwKdnksuY3k5Addp5lg8sVoVcQ==",
          "requires": {
            "safe-buffer": "^5.0.1"
          }
        },
        "jwa": {
          "version": "1.4.1",
          "resolved": "https://registry.npmjs.org/jwa/-/jwa-1.4.1.tgz",
          "integrity": "sha512-qiLX/xhEEFKUAJ6FiBMbes3w9ATzyk5W7Hvzpa/SLYdxNtng+gcurvrI7TbACjIXlsJyr05/S1oUhZrc63evQA==",
          "requires": {
            "buffer-equal-constant-time": "1.0.1",
            "ecdsa-sig-formatter": "1.0.11",
            "safe-buffer": "^5.0.1"
          }
        },
        "jws": {
          "version": "3.2.2",
          "resolved": "https://registry.npmjs.org/jws/-/jws-3.2.2.tgz",
          "integrity": "sha512-YHlZCB6lMTllWDtSPHz/ZXTsi8S00usEV6v1tjq8tOUZzw7DpSDWVXjXDre6ed1w/pd495ODpHZYSdkRTsa0HA==",
          "requires": {
            "jwa": "^1.4.1",
            "safe-buffer": "^5.0.1"
          }
        },
        "lodash": {
          "version": "4.17.21",
          "resolved": "https://registry.npmjs.org/lodash/-/lodash-4.17.21.tgz",
          "integrity": "sha512-v2kDEe57lecTulaDIuNTPy3Ry4gLGJ6Z1O3vE1krgXZNrsQ+LFTGHVxVjcXPs17LhbZVGedAJv8XZ1tvj5FvSg=="
        },
        "lru-cache": {
          "version": "6.0.0",
          "resolved": "https://registry.npmjs.org/lru-cache/-/lru-cache-6.0.0.tgz",
          "integrity": "sha512-Jo6dJ04CmSjuznwJSS3pUeWmd/H0ffTlkXXgwZi+eq1UCmqQwCh+eLsYOYCwY991i2Fah4h1BEMCx4qThGbsiA==",
          "requires": {
            "yallist": "^4.0.0"
          }
        },
        "ms": {
          "version": "2.1.3",
          "resolved": "https://registry.npmjs.org/ms/-/ms-2.1.3.tgz",
          "integrity": "sha512-6FlzubTLZG3J2a/NVCAleEhjzq5oxgHyaCU9yYXvcLsvoVaHJq/s5xXI6/XXP6tz7R9xAOtHnSO/tXtF3WRTlA=="
        },
        "semver": {
          "version": "7.3.8",
          "resolved": "https://registry.npmjs.org/semver/-/semver-7.3.8.tgz",
          "integrity": "sha512-NB1ctGL5rlHrPJtFDVIVzTyQylMLu9N9VICA6HSFJo8MCGVTMW6gfpicwKmmK/dAjTOrqu5l63JJOpDSrAis3A==",
          "requires": {
            "lru-cache": "^6.0.0"
          }
        },
        "yallist": {
          "version": "4.0.0",
          "resolved": "https://registry.npmjs.org/yallist/-/yallist-4.0.0.tgz",
          "integrity": "sha512-3wdGidZyq5PB084XLES5TpOSRA3wjXAlIWMhum2kRcv/41Sn2emQ0dycQW4uZXLejwKvg6EsvbdlVL+FYEct7A=="
        }
      }
    },
    "nodemon": {
      "version": "1.12.1",
      "resolved": "https://registry.npmjs.org/nodemon/-/nodemon-1.12.1.tgz",
      "integrity": "sha1-mWpW3EnZ8Wu/G3ik3gjxNjSzh40=",
      "dev": true
    },
    "nyc": {
      "version": "11.2.1",
      "resolved": "https://registry.npmjs.org/nyc/-/nyc-11.2.1.tgz",
      "integrity": "sha1-rYUK/p261/SXByi0suR/7Rw4chw=",
      "dev": true,
      "dependencies": {
        "align-text": {
          "version": "0.1.4",
          "bundled": true
        },
        "amdefine": {
          "version": "1.0.1",
          "bundled": true
        },
        "ansi-regex": {
          "version": "2.1.1",
          "bundled": true
        },
        "ansi-styles": {
          "version": "2.2.1",
          "bundled": true
        },
        "append-transform": {
          "version": "0.4.0",
          "bundled": true
        },
        "archy": {
          "version": "1.0.0",
          "bundled": true
        },
        "arr-diff": {
          "version": "2.0.0",
          "bundled": true
        },
        "arr-flatten": {
          "version": "1.1.0",
          "bundled": true
        },
        "array-unique": {
          "version": "0.2.1",
          "bundled": true
        },
        "arrify": {
          "version": "1.0.1",
          "bundled": true
        },
        "async": {
          "version": "1.5.2",
          "bundled": true
        },
        "babel-code-frame": {
          "version": "6.26.0",
          "bundled": true
        },
        "babel-generator": {
          "version": "6.26.0",
          "bundled": true
        },
        "babel-messages": {
          "version": "6.23.0",
          "bundled": true
        },
        "babel-runtime": {
          "version": "6.26.0",
          "bundled": true
        },
        "babel-template": {
          "version": "6.26.0",
          "bundled": true
        },
        "babel-traverse": {
          "version": "6.26.0",
          "bundled": true
        },
        "babel-types": {
          "version": "6.26.0",
          "bundled": true
        },
        "babylon": {
          "version": "6.18.0",
          "bundled": true
        },
        "balanced-match": {
          "version": "1.0.0",
          "bundled": true
        },
        "brace-expansion": {
          "version": "1.1.8",
          "bundled": true
        },
        "braces": {
          "version": "1.8.5",
          "bundled": true
        },
        "builtin-modules": {
          "version": "1.1.1",
          "bundled": true
        },
        "caching-transform": {
          "version": "1.0.1",
          "bundled": true
        },
        "camelcase": {
          "version": "1.2.1",
          "bundled": true
        },
        "center-align": {
          "version": "0.1.3",
          "bundled": true
        },
        "chalk": {
          "version": "1.1.3",
          "bundled": true
        },
        "cliui": {
          "version": "2.1.0",
          "bundled": true,
          "dependencies": {
            "wordwrap": {
              "version": "0.0.2",
              "bundled": true
            }
          }
        },
        "code-point-at": {
          "version": "1.1.0",
          "bundled": true
        },
        "commondir": {
          "version": "1.0.1",
          "bundled": true
        },
        "concat-map": {
          "version": "0.0.1",
          "bundled": true
        },
        "convert-source-map": {
          "version": "1.5.0",
          "bundled": true
        },
        "core-js": {
          "version": "2.5.1",
          "bundled": true
        },
        "cross-spawn": {
          "version": "4.0.2",
          "bundled": true
        },
        "debug": {
          "version": "2.6.8",
          "bundled": true
        },
        "debug-log": {
          "version": "1.0.1",
          "bundled": true
        },
        "decamelize": {
          "version": "1.2.0",
          "bundled": true
        },
        "default-require-extensions": {
          "version": "1.0.0",
          "bundled": true
        },
        "detect-indent": {
          "version": "4.0.0",
          "bundled": true
        },
        "error-ex": {
          "version": "1.3.1",
          "bundled": true
        },
        "escape-string-regexp": {
          "version": "1.0.5",
          "bundled": true
        },
        "esutils": {
          "version": "2.0.2",
          "bundled": true
        },
        "execa": {
          "version": "0.7.0",
          "bundled": true,
          "dependencies": {
            "cross-spawn": {
              "version": "5.1.0",
              "bundled": true
            }
          }
        },
        "expand-brackets": {
          "version": "0.1.5",
          "bundled": true
        },
        "expand-range": {
          "version": "1.8.2",
          "bundled": true
        },
        "extglob": {
          "version": "0.3.2",
          "bundled": true
        },
        "filename-regex": {
          "version": "2.0.1",
          "bundled": true
        },
        "fill-range": {
          "version": "2.2.3",
          "bundled": true
        },
        "find-cache-dir": {
          "version": "0.1.1",
          "bundled": true
        },
        "find-up": {
          "version": "2.1.0",
          "bundled": true
        },
        "for-in": {
          "version": "1.0.2",
          "bundled": true
        },
        "for-own": {
          "version": "0.1.5",
          "bundled": true
        },
        "foreground-child": {
          "version": "1.5.6",
          "bundled": true
        },
        "fs.realpath": {
          "version": "1.0.0",
          "bundled": true
        },
        "get-caller-file": {
          "version": "1.0.2",
          "bundled": true
        },
        "get-stream": {
          "version": "3.0.0",
          "bundled": true
        },
        "glob": {
          "version": "7.1.2",
          "bundled": true
        },
        "glob-base": {
          "version": "0.3.0",
          "bundled": true
        },
        "glob-parent": {
          "version": "2.0.0",
          "bundled": true
        },
        "globals": {
          "version": "9.18.0",
          "bundled": true
        },
        "graceful-fs": {
          "version": "4.1.11",
          "bundled": true
        },
        "handlebars": {
          "version": "4.0.10",
          "bundled": true,
          "dependencies": {
            "source-map": {
              "version": "0.4.4",
              "bundled": true
            }
          }
        },
        "has-ansi": {
          "version": "2.0.0",
          "bundled": true
        },
        "has-flag": {
          "version": "1.0.0",
          "bundled": true
        },
        "hosted-git-info": {
          "version": "2.5.0",
          "bundled": true
        },
        "imurmurhash": {
          "version": "0.1.4",
          "bundled": true
        },
        "inflight": {
          "version": "1.0.6",
          "bundled": true
        },
        "inherits": {
          "version": "2.0.3",
          "bundled": true
        },
        "invariant": {
          "version": "2.2.2",
          "bundled": true
        },
        "invert-kv": {
          "version": "1.0.0",
          "bundled": true
        },
        "is-arrayish": {
          "version": "0.2.1",
          "bundled": true
        },
        "is-buffer": {
          "version": "1.1.5",
          "bundled": true
        },
        "is-builtin-module": {
          "version": "1.0.0",
          "bundled": true
        },
        "is-dotfile": {
          "version": "1.0.3",
          "bundled": true
        },
        "is-equal-shallow": {
          "version": "0.1.3",
          "bundled": true
        },
        "is-extendable": {
          "version": "0.1.1",
          "bundled": true
        },
        "is-extglob": {
          "version": "1.0.0",
          "bundled": true
        },
        "is-finite": {
          "version": "1.0.2",
          "bundled": true
        },
        "is-fullwidth-code-point": {
          "version": "1.0.0",
          "bundled": true
        },
        "is-glob": {
          "version": "2.0.1",
          "bundled": true
        },
        "is-number": {
          "version": "2.1.0",
          "bundled": true
        },
        "is-posix-bracket": {
          "version": "0.1.1",
          "bundled": true
        },
        "is-primitive": {
          "version": "2.0.0",
          "bundled": true
        },
        "is-stream": {
          "version": "1.1.0",
          "bundled": true
        },
        "is-utf8": {
          "version": "0.2.1",
          "bundled": true
        },
        "isarray": {
          "version": "1.0.0",
          "bundled": true
        },
        "isexe": {
          "version": "2.0.0",
          "bundled": true
        },
        "isobject": {
          "version": "2.1.0",
          "bundled": true
        },
        "istanbul-lib-coverage": {
          "version": "1.1.1",
          "bundled": true
        },
        "istanbul-lib-hook": {
          "version": "1.0.7",
          "bundled": true
        },
        "istanbul-lib-instrument": {
          "version": "1.8.0",
          "bundled": true
        },
        "istanbul-lib-report": {
          "version": "1.1.1",
          "bundled": true,
          "dependencies": {
            "supports-color": {
              "version": "3.2.3",
              "bundled": true
            }
          }
        },
        "istanbul-lib-source-maps": {
          "version": "1.2.1",
          "bundled": true
        },
        "istanbul-reports": {
          "version": "1.1.2",
          "bundled": true
        },
        "js-tokens": {
          "version": "3.0.2",
          "bundled": true
        },
        "jsesc": {
          "version": "1.3.0",
          "bundled": true
        },
        "kind-of": {
          "version": "3.2.2",
          "bundled": true
        },
        "lazy-cache": {
          "version": "1.0.4",
          "bundled": true
        },
        "lcid": {
          "version": "1.0.0",
          "bundled": true
        },
        "load-json-file": {
          "version": "1.1.0",
          "bundled": true
        },
        "locate-path": {
          "version": "2.0.0",
          "bundled": true,
          "dependencies": {
            "path-exists": {
              "version": "3.0.0",
              "bundled": true
            }
          }
        },
        "lodash": {
          "version": "4.17.4",
          "bundled": true
        },
        "longest": {
          "version": "1.0.1",
          "bundled": true
        },
        "loose-envify": {
          "version": "1.3.1",
          "bundled": true
        },
        "lru-cache": {
          "version": "4.1.1",
          "bundled": true
        },
        "md5-hex": {
          "version": "1.3.0",
          "bundled": true
        },
        "md5-o-matic": {
          "version": "0.1.1",
          "bundled": true
        },
        "mem": {
          "version": "1.1.0",
          "bundled": true
        },
        "merge-source-map": {
          "version": "1.0.4",
          "bundled": true
        },
        "micromatch": {
          "version": "2.3.11",
          "bundled": true
        },
        "mimic-fn": {
          "version": "1.1.0",
          "bundled": true
        },
        "minimatch": {
          "version": "3.0.4",
          "bundled": true
        },
        "minimist": {
          "version": "0.0.8",
          "bundled": true
        },
        "mkdirp": {
          "version": "0.5.1",
          "bundled": true
        },
        "ms": {
          "version": "2.0.0",
          "bundled": true
        },
        "normalize-package-data": {
          "version": "2.4.0",
          "bundled": true
        },
        "normalize-path": {
          "version": "2.1.1",
          "bundled": true
        },
        "npm-run-path": {
          "version": "2.0.2",
          "bundled": true
        },
        "number-is-nan": {
          "version": "1.0.1",
          "bundled": true
        },
        "object-assign": {
          "version": "4.1.1",
          "bundled": true
        },
        "object.omit": {
          "version": "2.0.1",
          "bundled": true
        },
        "once": {
          "version": "1.4.0",
          "bundled": true
        },
        "optimist": {
          "version": "0.6.1",
          "bundled": true
        },
        "os-homedir": {
          "version": "1.0.2",
          "bundled": true
        },
        "os-locale": {
          "version": "2.1.0",
          "bundled": true
        },
        "p-finally": {
          "version": "1.0.0",
          "bundled": true
        },
        "p-limit": {
          "version": "1.1.0",
          "bundled": true
        },
        "p-locate": {
          "version": "2.0.0",
          "bundled": true
        },
        "parse-glob": {
          "version": "3.0.4",
          "bundled": true
        },
        "parse-json": {
          "version": "2.2.0",
          "bundled": true
        },
        "path-exists": {
          "version": "2.1.0",
          "bundled": true
        },
        "path-is-absolute": {
          "version": "1.0.1",
          "bundled": true
        },
        "path-key": {
          "version": "2.0.1",
          "bundled": true
        },
        "path-parse": {
          "version": "1.0.5",
          "bundled": true
        },
        "path-type": {
          "version": "1.1.0",
          "bundled": true
        },
        "pify": {
          "version": "2.3.0",
          "bundled": true
        },
        "pinkie": {
          "version": "2.0.4",
          "bundled": true
        },
        "pinkie-promise": {
          "version": "2.0.1",
          "bundled": true
        },
        "pkg-dir": {
          "version": "1.0.0",
          "bundled": true,
          "dependencies": {
            "find-up": {
              "version": "1.1.2",
              "bundled": true
            }
          }
        },
        "preserve": {
          "version": "0.2.0",
          "bundled": true
        },
        "pseudomap": {
          "version": "1.0.2",
          "bundled": true
        },
        "randomatic": {
          "version": "1.1.7",
          "bundled": true,
          "dependencies": {
            "is-number": {
              "version": "3.0.0",
              "bundled": true,
              "dependencies": {
                "kind-of": {
                  "version": "3.2.2",
                  "bundled": true
                }
              }
            },
            "kind-of": {
              "version": "4.0.0",
              "bundled": true
            }
          }
        },
        "read-pkg": {
          "version": "1.1.0",
          "bundled": true
        },
        "read-pkg-up": {
          "version": "1.0.1",
          "bundled": true,
          "dependencies": {
            "find-up": {
              "version": "1.1.2",
              "bundled": true
            }
          }
        },
        "regenerator-runtime": {
          "version": "0.11.0",
          "bundled": true
        },
        "regex-cache": {
          "version": "0.4.4",
          "bundled": true
        },
        "remove-trailing-separator": {
          "version": "1.1.0",
          "bundled": true
        },
        "repeat-element": {
          "version": "1.1.2",
          "bundled": true
        },
        "repeat-string": {
          "version": "1.6.1",
          "bundled": true
        },
        "repeating": {
          "version": "2.0.1",
          "bundled": true
        },
        "require-directory": {
          "version": "2.1.1",
          "bundled": true
        },
        "require-main-filename": {
          "version": "1.0.1",
          "bundled": true
        },
        "resolve-from": {
          "version": "2.0.0",
          "bundled": true
        },
        "right-align": {
          "version": "0.1.3",
          "bundled": true
        },
        "rimraf": {
          "version": "2.6.1",
          "bundled": true
        },
        "semver": {
          "version": "5.4.1",
          "bundled": true
        },
        "set-blocking": {
          "version": "2.0.0",
          "bundled": true
        },
        "shebang-command": {
          "version": "1.2.0",
          "bundled": true
        },
        "shebang-regex": {
          "version": "1.0.0",
          "bundled": true
        },
        "signal-exit": {
          "version": "3.0.2",
          "bundled": true
        },
        "slide": {
          "version": "1.1.6",
          "bundled": true
        },
        "source-map": {
          "version": "0.5.7",
          "bundled": true
        },
        "spawn-wrap": {
          "version": "1.3.8",
          "bundled": true
        },
        "spdx-correct": {
          "version": "1.0.2",
          "bundled": true
        },
        "spdx-expression-parse": {
          "version": "1.0.4",
          "bundled": true
        },
        "spdx-license-ids": {
          "version": "1.2.2",
          "bundled": true
        },
        "string-width": {
          "version": "2.1.1",
          "bundled": true,
          "dependencies": {
            "ansi-regex": {
              "version": "3.0.0",
              "bundled": true
            },
            "is-fullwidth-code-point": {
              "version": "2.0.0",
              "bundled": true
            },
            "strip-ansi": {
              "version": "4.0.0",
              "bundled": true
            }
          }
        },
        "strip-ansi": {
          "version": "3.0.1",
          "bundled": true
        },
        "strip-bom": {
          "version": "2.0.0",
          "bundled": true
        },
        "strip-eof": {
          "version": "1.0.0",
          "bundled": true
        },
        "supports-color": {
          "version": "2.0.0",
          "bundled": true
        },
        "test-exclude": {
          "version": "4.1.1",
          "bundled": true
        },
        "to-fast-properties": {
          "version": "1.0.3",
          "bundled": true
        },
        "trim-right": {
          "version": "1.0.1",
          "bundled": true
        },
        "uglify-js": {
          "version": "2.8.29",
          "bundled": true,
          "dependencies": {
            "yargs": {
              "version": "3.10.0",
              "bundled": true
            }
          }
        },
        "uglify-to-browserify": {
          "version": "1.0.2",
          "bundled": true
        },
        "validate-npm-package-license": {
          "version": "3.0.1",
          "bundled": true
        },
        "which": {
          "version": "1.3.0",
          "bundled": true
        },
        "which-module": {
          "version": "2.0.0",
          "bundled": true
        },
        "window-size": {
          "version": "0.1.0",
          "bundled": true
        },
        "wordwrap": {
          "version": "0.0.3",
          "bundled": true
        },
        "wrap-ansi": {
          "version": "2.1.0",
          "bundled": true,
          "dependencies": {
            "string-width": {
              "version": "1.0.2",
              "bundled": true
            }
          }
        },
        "wrappy": {
          "version": "1.0.2",
          "bundled": true
        },
        "write-file-atomic": {
          "version": "1.3.4",
          "bundled": true
        },
        "y18n": {
          "version": "3.2.1",
          "bundled": true
        },
        "yallist": {
          "version": "2.1.2",
          "bundled": true
        },
        "yargs": {
          "version": "8.0.2",
          "bundled": true,
          "dependencies": {
            "camelcase": {
              "version": "4.1.0",
              "bundled": true
            },
            "cliui": {
              "version": "3.2.0",
              "bundled": true,
              "dependencies": {
                "string-width": {
                  "version": "1.0.2",
                  "bundled": true
                }
              }
            },
            "load-json-file": {
              "version": "2.0.0",
              "bundled": true
            },
            "path-type": {
              "version": "2.0.0",
              "bundled": true
            },
            "read-pkg": {
              "version": "2.0.0",
              "bundled": true
            },
            "read-pkg-up": {
              "version": "2.0.0",
              "bundled": true
            },
            "strip-bom": {
              "version": "3.0.0",
              "bundled": true
            },
            "yargs-parser": {
              "version": "7.0.0",
              "bundled": true
            }
          }
        },
        "yargs-parser": {
          "version": "5.0.0",
          "bundled": true,
          "dependencies": {
            "camelcase": {
              "version": "3.0.0",
              "bundled": true
            }
          }
        }
      }
    },
    "pg": {
      "version": "7.3.0",
      "resolved": "https://registry.npmjs.org/pg/-/pg-7.3.0.tgz",
      "integrity": "sha1-J14nRm5UpkX2tKFvasrfa4Sa2Ds="
    },
    "safe-buffer": {
      "version": "5.1.1",
      "resolved": "https://registry.npmjs.org/safe-buffer/-/safe-buffer-5.1.1.tgz",
      "integrity": "sha512-kKvNJn6Mm93gAczWVJg7wH+wGYWNrDHdWvpUmHyEsgCtIwwo3bqPtV4tR5tuPaUhTOo/kvhVwd8XwwOllGYkbg=="
    },
    "supertest": {
      "version": "3.0.0",
      "resolved": "https://registry.npmjs.org/supertest/-/supertest-3.0.0.tgz",
      "integrity": "sha1-jUu2j9GDDuBwM7HFpamkAhyWUpY=",
      "dev": true
    },
    "tap-spec": {
      "version": "4.1.1",
      "resolved": "https://registry.npmjs.org/tap-spec/-/tap-spec-4.1.1.tgz",
      "integrity": "sha1-4unyb1IIIysfViKIyXYk1YqI8Fo=",
      "dev": true
    },
    "tape": {
      "version": "4.8.0",
      "resolved": "https://registry.npmjs.org/tape/-/tape-4.8.0.tgz",
      "integrity": "sha512-TWILfEnvO7I8mFe35d98F6T5fbLaEtbFTG/lxWvid8qDfFTxt19EBijWmB4j3+Hoh5TfHE2faWs73ua+EphuBA==",
      "dev": true
    }
  }
}
